{
  "requires": true,
  "lockfileVersion": 1,
  "dependencies": {
    "mdui": {
      "version": "0.4.2",
      "resolved": "https://registry.npmjs.org/mdui/-/mdui-0.4.2.tgz",
      "integrity": "sha512-qzogQ7UZSKYjSJYEtSuTvN2bDO2eqeC052g8reRXff04ZR/I7vKZqN2rZ9IPsCLA0SaDop0zpze/6DSRvG844Q=="
    }
  }
}
